# This file is generated by running "yarn install" inside your project.
# Manual changes might be lost - proceed with caution!

__metadata:
  version: 6
  cacheKey: 8

"@remix-run/router@npm:1.6.2":
  version: 1.6.2
  resolution: "@remix-run/router@npm:1.6.2"
  checksum: 5969d313bff6ba5c75917910090cebafda84b9d3b4b453fae6b3d60fea9f938078578ffca769c532ab7ce252cd4a207b78d1024d7c727ab80dd572e62fd3b3f2
  languageName: node
  linkType: hard

"react-blog@workspace:.":
  version: 0.0.0-use.local
  resolution: "react-blog@workspace:."
  dependencies:
    react-router-dom: ^6.11.2
  languageName: unknown
  linkType: soft

"react-router-dom@npm:^6.11.2":
  version: 6.11.2
  resolution: "react-router-dom@npm:6.11.2"
  dependencies:
    "@remix-run/router": 1.6.2
    react-router: 6.11.2
  peerDependencies:
    react: ">=16.8"
    react-dom: ">=16.8"
  checksum: ba44ff37f2956bc18991f2eedb32a3fa46d35832f61ded6c5d167e853ca289868fca6635467866280c73bc3da00dce8437dbbec57da100c0a3e3e3850af00b83
  languageName: node
  linkType: hard

"react-router@npm:6.11.2":
  version: 6.11.2
  resolution: "react-router@npm:6.11.2"
  dependencies:
    "@remix-run/router": 1.6.2
  peerDependencies:
    react: ">=16.8"
  checksum: e47f875dca70033a3b42704cb5ec076b60f9629a5cdc3be613707f3d5a5706123fb80301037455c285c6d5a1011b443e1784e0103969ebfac7071648d360c413
  languageName: node
  linkType: hard
